
Microsoft Visual Studio Solution File, Format Version 12.00
# Visual Studio 15
VisualStudioVersion = 15.0.28307.421
MinimumVisualStudioVersion = 10.0.40219.1
Project("{FAE04EC0-301F-11D3-BF4B-00C04F79EFBC}") = "BilletLibrary", "BilletLibrary\BilletLibrary.csproj", "{8ABE469F-430C-4663-8023-031559BEE1DC}"
EndProject
Project("{FAE04EC0-301F-11D3-BF4B-00C04F79EFBC}") = "Test", "TestBil\Test.csproj", "{ED525BB4-8ECE-4DE6-A192-908C0F169534}"
EndProject
Global
	GlobalSection(SolutionConfigurationPlatforms) = preSolution
		Debug|Any CPU = Debug|Any CPU
		Release|Any CPU = Release|Any CPU
	EndGlobalSection
	GlobalSection(ProjectConfigurationPlatforms) = postSolution
		{8ABE469F-430C-4663-8023-031559BEE1DC}.Debug|Any CPU.ActiveCfg = Debug|Any CPU
		{8ABE469F-430C-4663-8023-031559BEE1DC}.Debug|Any CPU.Build.0 = Debug|Any CPU
		{8ABE469F-430C-4663-8023-031559BEE1DC}.Release|Any CPU.ActiveCfg = Release|Any CPU
		{8ABE469F-430C-4663-8023-031559BEE1DC}.Release|Any CPU.Build.0 = Release|Any CPU
		{ED525BB4-8ECE-4DE6-A192-908C0F169534}.Debug|Any CPU.ActiveCfg = Debug|Any CPU
		{ED525BB4-8ECE-4DE6-A192-908C0F169534}.Debug|Any CPU.Build.0 = Debug|Any CPU
		{ED525BB4-8ECE-4DE6-A192-908C0F169534}.Release|Any CPU.ActiveCfg = Release|Any CPU
		{ED525BB4-8ECE-4DE6-A192-908C0F169534}.Release|Any CPU.Build.0 = Release|Any CPU
	EndGlobalSection
	GlobalSection(SolutionProperties) = preSolution
		HideSolutionNode = FALSE
	EndGlobalSection
	GlobalSection(ExtensibilityGlobals) = postSolution
		SolutionGuid = {560A0AEC-69B7-4CC6-86E9-05EB7FA51264}
	EndGlobalSection
EndGlobal
